
Microsoft Visual Studio Solution File, Format Version 12.00
# Visual Studio Version 16
VisualStudioVersion = 16.0.30907.101
MinimumVisualStudioVersion = 10.0.40219.1
Project("{9A19103F-16F7-4668-BE54-9A1E7A4F7556}") = "FullNameProject", "HomeWork4\FullNameProject.csproj", "{D87B8963-5E6A-438A-A9DF-E393D5BDD468}"
EndProject
Project("{9A19103F-16F7-4668-BE54-9A1E7A4F7556}") = "ShowSumOfNumbers", "ShowSumOfNumbers\ShowSumOfNumbers.csproj", "{97CABF1B-C3E3-4F68-BD46-8B188B2FE03F}"
EndProject
Project("{9A19103F-16F7-4668-BE54-9A1E7A4F7556}") = "ShowTimeOfYear", "ShowTimeOfYear\ShowTimeOfYear.csproj", "{32EDD28D-CE7F-4026-9196-B7E938E6DECE}"
EndProject
Project("{FAE04EC0-301F-11D3-BF4B-00C04F79EFBC}") = "FibonacciProject", "FibonacciProject\FibonacciProject.csproj", "{4838174D-BD37-4479-A7AD-4D9B96860231}"
EndProject
Global
	GlobalSection(SolutionConfigurationPlatforms) = preSolution
		Debug|Any CPU = Debug|Any CPU
		Release|Any CPU = Release|Any CPU
	EndGlobalSection
	GlobalSection(ProjectConfigurationPlatforms) = postSolution
		{D87B8963-5E6A-438A-A9DF-E393D5BDD468}.Debug|Any CPU.ActiveCfg = Debug|Any CPU
		{D87B8963-5E6A-438A-A9DF-E393D5BDD468}.Debug|Any CPU.Build.0 = Debug|Any CPU
		{D87B8963-5E6A-438A-A9DF-E393D5BDD468}.Release|Any CPU.ActiveCfg = Release|Any CPU
		{D87B8963-5E6A-438A-A9DF-E393D5BDD468}.Release|Any CPU.Build.0 = Release|Any CPU
		{97CABF1B-C3E3-4F68-BD46-8B188B2FE03F}.Debug|Any CPU.ActiveCfg = Debug|Any CPU
		{97CABF1B-C3E3-4F68-BD46-8B188B2FE03F}.Debug|Any CPU.Build.0 = Debug|Any CPU
		{97CABF1B-C3E3-4F68-BD46-8B188B2FE03F}.Release|Any CPU.ActiveCfg = Release|Any CPU
		{97CABF1B-C3E3-4F68-BD46-8B188B2FE03F}.Release|Any CPU.Build.0 = Release|Any CPU
		{32EDD28D-CE7F-4026-9196-B7E938E6DECE}.Debug|Any CPU.ActiveCfg = Debug|Any CPU
		{32EDD28D-CE7F-4026-9196-B7E938E6DECE}.Debug|Any CPU.Build.0 = Debug|Any CPU
		{32EDD28D-CE7F-4026-9196-B7E938E6DECE}.Release|Any CPU.ActiveCfg = Release|Any CPU
		{32EDD28D-CE7F-4026-9196-B7E938E6DECE}.Release|Any CPU.Build.0 = Release|Any CPU
		{4838174D-BD37-4479-A7AD-4D9B96860231}.Debug|Any CPU.ActiveCfg = Debug|Any CPU
		{4838174D-BD37-4479-A7AD-4D9B96860231}.Debug|Any CPU.Build.0 = Debug|Any CPU
		{4838174D-BD37-4479-A7AD-4D9B96860231}.Release|Any CPU.ActiveCfg = Release|Any CPU
		{4838174D-BD37-4479-A7AD-4D9B96860231}.Release|Any CPU.Build.0 = Release|Any CPU
	EndGlobalSection
	GlobalSection(SolutionProperties) = preSolution
		HideSolutionNode = FALSE
	EndGlobalSection
	GlobalSection(ExtensibilityGlobals) = postSolution
		SolutionGuid = {F59D46E3-C45A-4207-97C0-97B939745271}
	EndGlobalSection
EndGlobal
